// !$*UTF8*$!
{
	archiveVersion = 1;
	classes = {
	};
	objectVersion = 60;
	objects = {

/* Begin PBXBuildFile section */
		7403AB8E2F364FC4002FAF54 /* CheckLink.swift in Sources */ = {isa = PBXBuildFile; fileRef = 7403AB732F364FC4002FAF54 /* CheckLink.swift */; };
		7403AB8F2F364FC4002FAF54 /* InternetViewController.swift in Sources */ = {isa = PBXBuildFile; fileRef = 7403AB742F364FC4002FAF54 /* InternetViewController.swift */; };
		7403AB902F364FC4002FAF54 /* LoaderViewController.swift in Sources */ = {isa = PBXBuildFile; fileRef = 7403AB752F364FC4002FAF54 /* LoaderViewController.swift */; };
		7403AB912F364FC4002FAF54 /* AchievementManager.swift in Sources */ = {isa = PBXBuildFile; fileRef = 7403AB772F364FC4002FAF54 /* AchievementManager.swift */; };
		7403AB922F364FC4002FAF54 /* AppDelegate.swift in Sources */ = {isa = PBXBuildFile; fileRef = 7403AB782F364FC4002FAF54 /* AppDelegate.swift */; };
		7403AB932F364FC4002FAF54 /* ArchiveView.swift in Sources */ = {isa = PBXBuildFile; fileRef = 7403AB792F364FC4002FAF54 /* ArchiveView.swift */; };
		7403AB942F364FC4002FAF54 /* ContentView.swift in Sources */ = {isa = PBXBuildFile; fileRef = 7403AB7B2F364FC4002FAF54 /* ContentView.swift */; };
		7403AB952F364FC4002FAF54 /* GalleryManager.swift in Sources */ = {isa = PBXBuildFile; fileRef = 7403AB7C2F364FC4002FAF54 /* GalleryManager.swift */; };
		7403AB962F364FC4002FAF54 /* GalleryView.swift in Sources */ = {isa = PBXBuildFile; fileRef = 7403AB7D2F364FC4002FAF54 /* GalleryView.swift */; };
		7403AB972F364FC4002FAF54 /* GameViews.swift in Sources */ = {isa = PBXBuildFile; fileRef = 7403AB7E2F364FC4002FAF54 /* GameViews.swift */; };
		7403AB982F364FC4002FAF54 /* GridManager.swift in Sources */ = {isa = PBXBuildFile; fileRef = 7403AB7F2F364FC4002FAF54 /* GridManager.swift */; };
		7403AB992F364FC4002FAF54 /* LevelManager.swift in Sources */ = {isa = PBXBuildFile; fileRef = 7403AB832F364FC4002FAF54 /* LevelManager.swift */; };
		7403AB9A2F364FC4002FAF54 /* LevelSelectionView.swift in Sources */ = {isa = PBXBuildFile; fileRef = 7403AB842F364FC4002FAF54 /* LevelSelectionView.swift */; };
		7403AB9B2F364FC4002FAF54 /* Models.swift in Sources */ = {isa = PBXBuildFile; fileRef = 7403AB872F364FC4002FAF54 /* Models.swift */; };
		7403AB9C2F364FC4002FAF54 /* OnboardingView.swift in Sources */ = {isa = PBXBuildFile; fileRef = 7403AB882F364FC4002FAF54 /* OnboardingView.swift */; };
		7403AB9D2F364FC4002FAF54 /* SceneDelegate.swift in Sources */ = {isa = PBXBuildFile; fileRef = 7403AB892F364FC4002FAF54 /* SceneDelegate.swift */; };
		7403AB9E2F364FC4002FAF54 /* SettingsView.swift in Sources */ = {isa = PBXBuildFile; fileRef = 7403AB8A2F364FC4002FAF54 /* SettingsView.swift */; };
		7403AB9F2F364FC4002FAF54 /* Theme.swift in Sources */ = {isa = PBXBuildFile; fileRef = 7403AB8B2F364FC4002FAF54 /* Theme.swift */; };
		7403ABA02F364FC4002FAF54 /* ViewController.swift in Sources */ = {isa = PBXBuildFile; fileRef = 7403AB8C2F364FC4002FAF54 /* ViewController.swift */; };
		7403ABA12F364FC4002FAF54 /* Assets.xcassets in Resources */ = {isa = PBXBuildFile; fileRef = 7403AB7A2F364FC4002FAF54 /* Assets.xcassets */; };
		7403ABA32F364FC4002FAF54 /* LaunchScreen.storyboard in Resources */ = {isa = PBXBuildFile; fileRef = 7403AB822F364FC4002FAF54 /* LaunchScreen.storyboard */; };
		7403ABA42F364FC4002FAF54 /* Main.storyboard in Resources */ = {isa = PBXBuildFile; fileRef = 7403AB862F364FC4002FAF54 /* Main.storyboard */; };
/* End PBXBuildFile section */

/* Begin PBXFileReference section */
		7403AB732F364FC4002FAF54 /* CheckLink.swift */ = {isa = PBXFileReference; lastKnownFileType = sourcecode.swift; path = CheckLink.swift; sourceTree = "<group>"; };
		7403AB742F364FC4002FAF54 /* InternetViewController.swift */ = {isa = PBXFileReference; lastKnownFileType = sourcecode.swift; path = InternetViewController.swift; sourceTree = "<group>"; };
		7403AB752F364FC4002FAF54 /* LoaderViewController.swift */ = {isa = PBXFileReference; lastKnownFileType = sourcecode.swift; path = LoaderViewController.swift; sourceTree = "<group>"; };
		7403AB772F364FC4002FAF54 /* AchievementManager.swift */ = {isa = PBXFileReference; lastKnownFileType = sourcecode.swift; path = AchievementManager.swift; sourceTree = "<group>"; };
		7403AB782F364FC4002FAF54 /* AppDelegate.swift */ = {isa = PBXFileReference; lastKnownFileType = sourcecode.swift; path = AppDelegate.swift; sourceTree = "<group>"; };
		7403AB792F364FC4002FAF54 /* ArchiveView.swift */ = {isa = PBXFileReference; lastKnownFileType = sourcecode.swift; path = ArchiveView.swift; sourceTree = "<group>"; };
		7403AB7A2F364FC4002FAF54 /* Assets.xcassets */ = {isa = PBXFileReference; lastKnownFileType = folder.assetcatalog; path = Assets.xcassets; sourceTree = "<group>"; };
		7403AB7B2F364FC4002FAF54 /* ContentView.swift */ = {isa = PBXFileReference; lastKnownFileType = sourcecode.swift; path = ContentView.swift; sourceTree = "<group>"; };
		7403AB7C2F364FC4002FAF54 /* GalleryManager.swift */ = {isa = PBXFileReference; lastKnownFileType = sourcecode.swift; path = GalleryManager.swift; sourceTree = "<group>"; };
		7403AB7D2F364FC4002FAF54 /* GalleryView.swift */ = {isa = PBXFileReference; lastKnownFileType = sourcecode.swift; path = GalleryView.swift; sourceTree = "<group>"; };
		7403AB7E2F364FC4002FAF54 /* GameViews.swift */ = {isa = PBXFileReference; lastKnownFileType = sourcecode.swift; path = GameViews.swift; sourceTree = "<group>"; };
		7403AB7F2F364FC4002FAF54 /* GridManager.swift */ = {isa = PBXFileReference; lastKnownFileType = sourcecode.swift; path = GridManager.swift; sourceTree = "<group>"; };
		7403AB802F364FC4002FAF54 /* Info.plist */ = {isa = PBXFileReference; lastKnownFileType = text.plist.xml; path = Info.plist; sourceTree = "<group>"; };
		7403AB812F364FC4002FAF54 /* Base */ = {isa = PBXFileReference; lastKnownFileType = file.storyboard; name = Base; path = Base.lproj/LaunchScreen.storyboard; sourceTree = "<group>"; };
		7403AB832F364FC4002FAF54 /* LevelManager.swift */ = {isa = PBXFileReference; lastKnownFileType = sourcecode.swift; path = LevelManager.swift; sourceTree = "<group>"; };
		7403AB842F364FC4002FAF54 /* LevelSelectionView.swift */ = {isa = PBXFileReference; lastKnownFileType = sourcecode.swift; path = LevelSelectionView.swift; sourceTree = "<group>"; };
		7403AB852F364FC4002FAF54 /* Base */ = {isa = PBXFileReference; lastKnownFileType = file.storyboard; name = Base; path = Base.lproj/Main.storyboard; sourceTree = "<group>"; };
		7403AB872F364FC4002FAF54 /* Models.swift */ = {isa = PBXFileReference; lastKnownFileType = sourcecode.swift; path = Models.swift; sourceTree = "<group>"; };
		7403AB882F364FC4002FAF54 /* OnboardingView.swift */ = {isa = PBXFileReference; lastKnownFileType = sourcecode.swift; path = OnboardingView.swift; sourceTree = "<group>"; };
		7403AB892F364FC4002FAF54 /* SceneDelegate.swift */ = {isa = PBXFileReference; lastKnownFileType = sourcecode.swift; path = SceneDelegate.swift; sourceTree = "<group>"; };
		7403AB8A2F364FC4002FAF54 /* SettingsView.swift */ = {isa = PBXFileReference; lastKnownFileType = sourcecode.swift; path = SettingsView.swift; sourceTree = "<group>"; };
		7403AB8B2F364FC4002FAF54 /* Theme.swift */ = {isa = PBXFileReference; lastKnownFileType = sourcecode.swift; path = Theme.swift; sourceTree = "<group>"; };
		7403AB8C2F364FC4002FAF54 /* ViewController.swift */ = {isa = PBXFileReference; lastKnownFileType = sourcecode.swift; path = ViewController.swift; sourceTree = "<group>"; };
		748A76AD2F2A870A0000E117 /* 74SynthWeaver.app */ = {isa = PBXFileReference; explicitFileType = wrapper.application; includeInIndex = 0; path = 74SynthWeaver.app; sourceTree = BUILT_PRODUCTS_DIR; };
		846F88E1815F3B0F7C80921E /* Pods_74SynthWeaver.framework */ = {isa = PBXFileReference; explicitFileType = wrapper.framework; includeInIndex = 0; path = Pods_74SynthWeaver.framework; sourceTree = BUILT_PRODUCTS_DIR; };
		BA0C037F073DC04A3542CC77 /* Pods-74SynthWeaver.release.xcconfig */ = {isa = PBXFileReference; includeInIndex = 1; lastKnownFileType = text.xcconfig; name = "Pods-74SynthWeaver.release.xcconfig"; path = "Target Support Files/Pods-74SynthWeaver/Pods-74SynthWeaver.release.xcconfig"; sourceTree = "<group>"; };
		F16A495C2233A95B5801920E /* Pods-74SynthWeaver.debug.xcconfig */ = {isa = PBXFileReference; includeInIndex = 1; lastKnownFileType = text.xcconfig; name = "Pods-74SynthWeaver.debug.xcconfig"; path = "Target Support Files/Pods-74SynthWeaver/Pods-74SynthWeaver.debug.xcconfig"; sourceTree = "<group>"; };
/* End PBXFileReference section */

/* Begin PBXFrameworksBuildPhase section */
		748A76AA2F2A870A0000E117 /* Frameworks */ = {
			isa = PBXFrameworksBuildPhase;
			buildActionMask = 2147483647;
			files = (
			);
			runOnlyForDeploymentPostprocessing = 0;
		};
/* End PBXFrameworksBuildPhase section */

/* Begin PBXGroup section */
		00E2102E1FF19A126DD0B19F /* Pods */ = {
			isa = PBXGroup;
			children = (
				F16A495C2233A95B5801920E /* Pods-74SynthWeaver.debug.xcconfig */,
				BA0C037F073DC04A3542CC77 /* Pods-74SynthWeaver.release.xcconfig */,
			);
			path = Pods;
			sourceTree = "<group>";
		};
		7403AB762F364FC4002FAF54 /* LoadingView */ = {
			isa = PBXGroup;
			children = (
				7403AB732F364FC4002FAF54 /* CheckLink.swift */,
				7403AB742F364FC4002FAF54 /* InternetViewController.swift */,
				7403AB752F364FC4002FAF54 /* LoaderViewController.swift */,
			);
			path = LoadingView;
			sourceTree = "<group>";
		};
		7403AB8D2F364FC4002FAF54 /* 74SynthWeaver */ = {
			isa = PBXGroup;
			children = (
				7403AB762F364FC4002FAF54 /* LoadingView */,
				7403AB772F364FC4002FAF54 /* AchievementManager.swift */,
				7403AB782F364FC4002FAF54 /* AppDelegate.swift */,
				7403AB792F364FC4002FAF54 /* ArchiveView.swift */,
				7403AB7A2F364FC4002FAF54 /* Assets.xcassets */,
				7403AB7B2F364FC4002FAF54 /* ContentView.swift */,
				7403AB7C2F364FC4002FAF54 /* GalleryManager.swift */,
				7403AB7D2F364FC4002FAF54 /* GalleryView.swift */,
				7403AB7E2F364FC4002FAF54 /* GameViews.swift */,
				7403AB7F2F364FC4002FAF54 /* GridManager.swift */,
				7403AB802F364FC4002FAF54 /* Info.plist */,
				7403AB822F364FC4002FAF54 /* LaunchScreen.storyboard */,
				7403AB832F364FC4002FAF54 /* LevelManager.swift */,
				7403AB842F364FC4002FAF54 /* LevelSelectionView.swift */,
				7403AB862F364FC4002FAF54 /* Main.storyboard */,
				7403AB872F364FC4002FAF54 /* Models.swift */,
				7403AB882F364FC4002FAF54 /* OnboardingView.swift */,
				7403AB892F364FC4002FAF54 /* SceneDelegate.swift */,
				7403AB8A2F364FC4002FAF54 /* SettingsView.swift */,
				7403AB8B2F364FC4002FAF54 /* Theme.swift */,
				7403AB8C2F364FC4002FAF54 /* ViewController.swift */,
			);
			path = 74SynthWeaver;
			sourceTree = "<group>";
		};
		748A76A42F2A870A0000E117 = {
			isa = PBXGroup;
			children = (
				7403AB8D2F364FC4002FAF54 /* 74SynthWeaver */,
				748A76AE2F2A870A0000E117 /* Products */,
				00E2102E1FF19A126DD0B19F /* Pods */,
				B42C48B11EEF7E2239B1FEAB /* Frameworks */,
			);
			sourceTree = "<group>";
		};
		748A76AE2F2A870A0000E117 /* Products */ = {
			isa = PBXGroup;
			children = (
				748A76AD2F2A870A0000E117 /* 74SynthWeaver.app */,
			);
			name = Products;
			sourceTree = "<group>";
		};
		B42C48B11EEF7E2239B1FEAB /* Frameworks */ = {
			isa = PBXGroup;
			children = (
				846F88E1815F3B0F7C80921E /* Pods_74SynthWeaver.framework */,
			);
			name = Frameworks;
			sourceTree = "<group>";
		};
/* End PBXGroup section */

/* Begin PBXNativeTarget section */
		748A76AC2F2A870A0000E117 /* 74SynthWeaver */ = {
			isa = PBXNativeTarget;
			buildConfigurationList = 748A76C02F2A870B0000E117 /* Build configuration list for PBXNativeTarget "74SynthWeaver" */;
			buildPhases = (
				141295D0D80FA39AAA59B97D /* [CP] Check Pods Manifest.lock */,
				748A76A92F2A870A0000E117 /* Sources */,
				748A76AA2F2A870A0000E117 /* Frameworks */,
				748A76AB2F2A870A0000E117 /* Resources */,
			);
			buildRules = (
			);
			dependencies = (
			);
			name = 74SynthWeaver;
			productName = 74SynthWeaver;
			productReference = 748A76AD2F2A870A0000E117 /* 74SynthWeaver.app */;
			productType = "com.apple.product-type.application";
		};
/* End PBXNativeTarget section */

/* Begin PBXProject section */
		748A76A52F2A870A0000E117 /* Project object */ = {
			isa = PBXProject;
			attributes = {
				BuildIndependentTargetsInParallel = 1;
				LastSwiftUpdateCheck = 2620;
				LastUpgradeCheck = 2620;
				TargetAttributes = {
					748A76AC2F2A870A0000E117 = {
						CreatedOnToolsVersion = 26.2;
					};
				};
			};
			buildConfigurationList = 748A76A82F2A870A0000E117 /* Build configuration list for PBXProject "74SynthWeaver" */;
			compatibilityVersion = "Xcode 15.0";
			developmentRegion = en;
			hasScannedForEncodings = 0;
			knownRegions = (
				en,
				Base,
			);
			mainGroup = 748A76A42F2A870A0000E117;
			productRefGroup = 748A76AE2F2A870A0000E117 /* Products */;
			projectDirPath = "";
			projectRoot = "";
			targets = (
				748A76AC2F2A870A0000E117 /* 74SynthWeaver */,
			);
		};
/* End PBXProject section */

/* Begin PBXResourcesBuildPhase section */
		748A76AB2F2A870A0000E117 /* Resources */ = {
			isa = PBXResourcesBuildPhase;
			buildActionMask = 2147483647;
			files = (
				7403ABA12F364FC4002FAF54 /* Assets.xcassets in Resources */,
				7403ABA32F364FC4002FAF54 /* LaunchScreen.storyboard in Resources */,
				7403ABA42F364FC4002FAF54 /* Main.storyboard in Resources */,
			);
			runOnlyForDeploymentPostprocessing = 0;
		};
/* End PBXResourcesBuildPhase section */

/* Begin PBXShellScriptBuildPhase section */
		141295D0D80FA39AAA59B97D /* [CP] Check Pods Manifest.lock */ = {
			isa = PBXShellScriptBuildPhase;
			buildActionMask = 2147483647;
			files = (
			);
			inputFileListPaths = (
			);
			inputPaths = (
				"${PODS_PODFILE_DIR_PATH}/Podfile.lock",
				"${PODS_ROOT}/Manifest.lock",
			);
			name = "[CP] Check Pods Manifest.lock";
			outputFileListPaths = (
			);
			outputPaths = (
				"$(DERIVED_FILE_DIR)/Pods-74SynthWeaver-checkManifestLockResult.txt",
			);
			runOnlyForDeploymentPostprocessing = 0;
			shellPath = /bin/sh;
			shellScript = "diff \"${PODS_PODFILE_DIR_PATH}/Podfile.lock\" \"${PODS_ROOT}/Manifest.lock\" > /dev/null\nif [ $? != 0 ] ; then\n    # print error to STDERR\n    echo \"error: The sandbox is not in sync with the Podfile.lock. Run 'pod install' or update your CocoaPods installation.\" >&2\n    exit 1\nfi\n# This output is used by Xcode 'outputs' to avoid re-running this script phase.\necho \"SUCCESS\" > \"${SCRIPT_OUTPUT_FILE_0}\"\n";
			showEnvVarsInLog = 0;
		};
/* End PBXShellScriptBuildPhase section */

/* Begin PBXSourcesBuildPhase section */
		748A76A92F2A870A0000E117 /* Sources */ = {
			isa = PBXSourcesBuildPhase;
			buildActionMask = 2147483647;
			files = (
				7403AB8E2F364FC4002FAF54 /* CheckLink.swift in Sources */,
				7403AB8F2F364FC4002FAF54 /* InternetViewController.swift in Sources */,
				7403AB902F364FC4002FAF54 /* LoaderViewController.swift in Sources */,
				7403AB912F364FC4002FAF54 /* AchievementManager.swift in Sources */,
				7403AB922F364FC4002FAF54 /* AppDelegate.swift in Sources */,
				7403AB932F364FC4002FAF54 /* ArchiveView.swift in Sources */,
				7403AB942F364FC4002FAF54 /* ContentView.swift in Sources */,
				7403AB952F364FC4002FAF54 /* GalleryManager.swift in Sources */,
				7403AB962F364FC4002FAF54 /* GalleryView.swift in Sources */,
				7403AB972F364FC4002FAF54 /* GameViews.swift in Sources */,
				7403AB982F364FC4002FAF54 /* GridManager.swift in Sources */,
				7403AB992F364FC4002FAF54 /* LevelManager.swift in Sources */,
				7403AB9A2F364FC4002FAF54 /* LevelSelectionView.swift in Sources */,
				7403AB9B2F364FC4002FAF54 /* Models.swift in Sources */,
				7403AB9C2F364FC4002FAF54 /* OnboardingView.swift in Sources */,
				7403AB9D2F364FC4002FAF54 /* SceneDelegate.swift in Sources */,
				7403AB9E2F364FC4002FAF54 /* SettingsView.swift in Sources */,
				7403AB9F2F364FC4002FAF54 /* Theme.swift in Sources */,
				7403ABA02F364FC4002FAF54 /* ViewController.swift in Sources */,
			);
			runOnlyForDeploymentPostprocessing = 0;
		};
/* End PBXSourcesBuildPhase section */

/* Begin PBXVariantGroup section */
		7403AB822F364FC4002FAF54 /* LaunchScreen.storyboard */ = {
			isa = PBXVariantGroup;
			children = (
				7403AB812F364FC4002FAF54 /* Base */,
			);
			name = LaunchScreen.storyboard;
			sourceTree = "<group>";
		};
		7403AB862F364FC4002FAF54 /* Main.storyboard */ = {
			isa = PBXVariantGroup;
			children = (
				7403AB852F364FC4002FAF54 /* Base */,
			);
			name = Main.storyboard;
			sourceTree = "<group>";
		};
/* End PBXVariantGroup section */

/* Begin XCBuildConfiguration section */
		748A76C12F2A870B0000E117 /* Debug */ = {
			isa = XCBuildConfiguration;
			baseConfigurationReference = F16A495C2233A95B5801920E /* Pods-74SynthWeaver.debug.xcconfig */;
			buildSettings = {
				ASSETCATALOG_COMPILER_APPICON_NAME = AppIcon;
				ASSETCATALOG_COMPILER_GLOBAL_ACCENT_COLOR_NAME = AccentColor;
				CODE_SIGN_STYLE = Automatic;
				CURRENT_PROJECT_VERSION = 1;
				GENERATE_INFOPLIST_FILE = YES;
				INFOPLIST_FILE = 74SynthWeaver/Info.plist;
				INFOPLIST_KEY_CFBundleDisplayName = "Weaver Synth Luc";
				INFOPLIST_KEY_UIApplicationSupportsIndirectInputEvents = YES;
				INFOPLIST_KEY_UILaunchStoryboardName = LaunchScreen;
				INFOPLIST_KEY_UIMainStoryboardFile = Main;
				INFOPLIST_KEY_UISupportedInterfaceOrientations = UIInterfaceOrientationPortrait;
				INFOPLIST_KEY_UISupportedInterfaceOrientations_iPad = "UIInterfaceOrientationLandscapeLeft UIInterfaceOrientationLandscapeRight UIInterfaceOrientationPortrait UIInterfaceOrientationPortraitUpsideDown";
				IPHONEOS_DEPLOYMENT_TARGET = 16.6;
				LD_RUNPATH_SEARCH_PATHS = (
					"$(inherited)",
					"@executable_path/Frameworks",
				);
				MARKETING_VERSION = 1.1;
				PRODUCT_BUNDLE_IDENTIFIER = com.dra.w3av6rs9nthl0c;
				PRODUCT_NAME = "$(TARGET_NAME)";
				STRING_CATALOG_GENERATE_SYMBOLS = YES;
				SUPPORTED_PLATFORMS = "iphoneos iphonesimulator";
				SUPPORTS_MACCATALYST = NO;
				SUPPORTS_MAC_DESIGNED_FOR_IPHONE_IPAD = NO;
				SUPPORTS_XR_DESIGNED_FOR_IPHONE_IPAD = NO;
				SWIFT_APPROACHABLE_CONCURRENCY = YES;
				SWIFT_DEFAULT_ACTOR_ISOLATION = MainActor;
				SWIFT_EMIT_LOC_STRINGS = YES;
				SWIFT_UPCOMING_FEATURE_MEMBER_IMPORT_VISIBILITY = YES;
				SWIFT_VERSION = 5.0;
				TARGETED_DEVICE_FAMILY = 1;
			};
			name = Debug;
		};
		748A76C22F2A870B0000E117 /* Release */ = {
			isa = XCBuildConfiguration;
			baseConfigurationReference = BA0C037F073DC04A3542CC77 /* Pods-74SynthWeaver.release.xcconfig */;
			buildSettings = {
				ASSETCATALOG_COMPILER_APPICON_NAME = AppIcon;
				ASSETCATALOG_COMPILER_GLOBAL_ACCENT_COLOR_NAME = AccentColor;
				CODE_SIGN_STYLE = Automatic;
				CURRENT_PROJECT_VERSION = 1;
				GENERATE_INFOPLIST_FILE = YES;
				INFOPLIST_FILE = 74SynthWeaver/Info.plist;
				INFOPLIST_KEY_CFBundleDisplayName = "Weaver Synth Luc";
				INFOPLIST_KEY_UIApplicationSupportsIndirectInputEvents = YES;
				INFOPLIST_KEY_UILaunchStoryboardName = LaunchScreen;
				INFOPLIST_KEY_UIMainStoryboardFile = Main;
				INFOPLIST_KEY_UISupportedInterfaceOrientations = UIInterfaceOrientationPortrait;
				INFOPLIST_KEY_UISupportedInterfaceOrientations_iPad = "UIInterfaceOrientationLandscapeLeft UIInterfaceOrientationLandscapeRight UIInterfaceOrientationPortrait UIInterfaceOrientationPortraitUpsideDown";
				IPHONEOS_DEPLOYMENT_TARGET = 16.6;
				LD_RUNPATH_SEARCH_PATHS = (
					"$(inherited)",
					"@executable_path/Frameworks",
				);
				MARKETING_VERSION = 1.1;
				PRODUCT_BUNDLE_IDENTIFIER = com.dra.w3av6rs9nthl0c;
				PRODUCT_NAME = "$(TARGET_NAME)";
				STRING_CATALOG_GENERATE_SYMBOLS = YES;
				SUPPORTED_PLATFORMS = "iphoneos iphonesimulator";
				SUPPORTS_MACCATALYST = NO;
				SUPPORTS_MAC_DESIGNED_FOR_IPHONE_IPAD = NO;
				SUPPORTS_XR_DESIGNED_FOR_IPHONE_IPAD = NO;
				SWIFT_APPROACHABLE_CONCURRENCY = YES;
				SWIFT_DEFAULT_ACTOR_ISOLATION = MainActor;
				SWIFT_EMIT_LOC_STRINGS = YES;
				SWIFT_UPCOMING_FEATURE_MEMBER_IMPORT_VISIBILITY = YES;
				SWIFT_VERSION = 5.0;
				TARGETED_DEVICE_FAMILY = 1;
			};
			name = Release;
		};
		748A76C32F2A870B0000E117 /* Debug */ = {
			isa = XCBuildConfiguration;
			buildSettings = {
				ALWAYS_SEARCH_USER_PATHS = NO;
				ASSETCATALOG_COMPILER_GENERATE_SWIFT_ASSET_SYMBOL_EXTENSIONS = YES;
				CLANG_ANALYZER_NONNULL = YES;
				CLANG_ANALYZER_NUMBER_OBJECT_CONVERSION = YES_AGGRESSIVE;
				CLANG_CXX_LANGUAGE_STANDARD = "gnu++20";
				CLANG_ENABLE_MODULES = YES;
				CLANG_ENABLE_OBJC_ARC = YES;
				CLANG_ENABLE_OBJC_WEAK = YES;
				CLANG_WARN_BLOCK_CAPTURE_AUTORELEASING = YES;
				CLANG_WARN_BOOL_CONVERSION = YES;
				CLANG_WARN_COMMA = YES;
				CLANG_WARN_CONSTANT_CONVERSION = YES;
				CLANG_WARN_DEPRECATED_OBJC_IMPLEMENTATIONS = YES;
				CLANG_WARN_DIRECT_OBJC_ISA_USAGE = YES_ERROR;
				CLANG_WARN_DOCUMENTATION_COMMENTS = YES;
				CLANG_WARN_EMPTY_BODY = YES;
				CLANG_WARN_ENUM_CONVERSION = YES;
				CLANG_WARN_INFINITE_RECURSION = YES;
				CLANG_WARN_INT_CONVERSION = YES;
				CLANG_WARN_NON_LITERAL_NULL_CONVERSION = YES;
				CLANG_WARN_OBJC_IMPLICIT_RETAIN_SELF = YES;
				CLANG_WARN_OBJC_LITERAL_CONVERSION = YES;
				CLANG_WARN_OBJC_ROOT_CLASS = YES_ERROR;
				CLANG_WARN_QUOTED_INCLUDE_IN_FRAMEWORK_HEADER = YES;
				CLANG_WARN_RANGE_LOOP_ANALYSIS = YES;
				CLANG_WARN_STRICT_PROTOTYPES = YES;
				CLANG_WARN_SUSPICIOUS_MOVE = YES;
				CLANG_WARN_UNGUARDED_AVAILABILITY = YES_AGGRESSIVE;
				CLANG_WARN_UNREACHABLE_CODE = YES;
				CLANG_WARN__DUPLICATE_METHOD_MATCH = YES;
				COPY_PHASE_STRIP = NO;
				DEBUG_INFORMATION_FORMAT = dwarf;
				ENABLE_STRICT_OBJC_MSGSEND = YES;
				ENABLE_TESTABILITY = YES;
				ENABLE_USER_SCRIPT_SANDBOXING = YES;
				GCC_C_LANGUAGE_STANDARD = gnu17;
				GCC_DYNAMIC_NO_PIC = NO;
				GCC_NO_COMMON_BLOCKS = YES;
				GCC_OPTIMIZATION_LEVEL = 0;
				GCC_PREPROCESSOR_DEFINITIONS = (
					"DEBUG=1",
					"$(inherited)",
				);
				GCC_WARN_64_TO_32_BIT_CONVERSION = YES;
				GCC_WARN_ABOUT_RETURN_TYPE = YES_ERROR;
				GCC_WARN_UNDECLARED_SELECTOR = YES;
				GCC_WARN_UNINITIALIZED_AUTOS = YES_AGGRESSIVE;
				GCC_WARN_UNUSED_FUNCTION = YES;
				GCC_WARN_UNUSED_VARIABLE = YES;
				IPHONEOS_DEPLOYMENT_TARGET = 26.2;
				LOCALIZATION_PREFERS_STRING_CATALOGS = YES;
				MTL_ENABLE_DEBUG_INFO = INCLUDE_SOURCE;
				MTL_FAST_MATH = YES;
				ONLY_ACTIVE_ARCH = YES;
				SDKROOT = iphoneos;
				SWIFT_ACTIVE_COMPILATION_CONDITIONS = "DEBUG $(inherited)";
				SWIFT_OPTIMIZATION_LEVEL = "-Onone";
			};
			name = Debug;
		};
		748A76C42F2A870B0000E117 /* Release */ = {
			isa = XCBuildConfiguration;
			buildSettings = {
				ALWAYS_SEARCH_USER_PATHS = NO;
				ASSETCATALOG_COMPILER_GENERATE_SWIFT_ASSET_SYMBOL_EXTENSIONS = YES;
				CLANG_ANALYZER_NONNULL = YES;
				CLANG_ANALYZER_NUMBER_OBJECT_CONVERSION = YES_AGGRESSIVE;
				CLANG_CXX_LANGUAGE_STANDARD = "gnu++20";
				CLANG_ENABLE_MODULES = YES;
				CLANG_ENABLE_OBJC_ARC = YES;
				CLANG_ENABLE_OBJC_WEAK = YES;
				CLANG_WARN_BLOCK_CAPTURE_AUTORELEASING = YES;
				CLANG_WARN_BOOL_CONVERSION = YES;
				CLANG_WARN_COMMA = YES;
				CLANG_WARN_CONSTANT_CONVERSION = YES;
				CLANG_WARN_DEPRECATED_OBJC_IMPLEMENTATIONS = YES;
				CLANG_WARN_DIRECT_OBJC_ISA_USAGE = YES_ERROR;
				CLANG_WARN_DOCUMENTATION_COMMENTS = YES;
				CLANG_WARN_EMPTY_BODY = YES;
				CLANG_WARN_ENUM_CONVERSION = YES;
				CLANG_WARN_INFINITE_RECURSION = YES;
				CLANG_WARN_INT_CONVERSION = YES;
				CLANG_WARN_NON_LITERAL_NULL_CONVERSION = YES;
				CLANG_WARN_OBJC_IMPLICIT_RETAIN_SELF = YES;
				CLANG_WARN_OBJC_LITERAL_CONVERSION = YES;
				CLANG_WARN_OBJC_ROOT_CLASS = YES_ERROR;
				CLANG_WARN_QUOTED_INCLUDE_IN_FRAMEWORK_HEADER = YES;
				CLANG_WARN_RANGE_LOOP_ANALYSIS = YES;
				CLANG_WARN_STRICT_PROTOTYPES = YES;
				CLANG_WARN_SUSPICIOUS_MOVE = YES;
				CLANG_WARN_UNGUARDED_AVAILABILITY = YES_AGGRESSIVE;
				CLANG_WARN_UNREACHABLE_CODE = YES;
				CLANG_WARN__DUPLICATE_METHOD_MATCH = YES;
				COPY_PHASE_STRIP = NO;
				DEBUG_INFORMATION_FORMAT = "dwarf-with-dsym";
				ENABLE_NS_ASSERTIONS = NO;
				ENABLE_STRICT_OBJC_MSGSEND = YES;
				ENABLE_USER_SCRIPT_SANDBOXING = YES;
				GCC_C_LANGUAGE_STANDARD = gnu17;
				GCC_NO_COMMON_BLOCKS = YES;
				GCC_WARN_64_TO_32_BIT_CONVERSION = YES;
				GCC_WARN_ABOUT_RETURN_TYPE = YES_ERROR;
				GCC_WARN_UNDECLARED_SELECTOR = YES;
				GCC_WARN_UNINITIALIZED_AUTOS = YES_AGGRESSIVE;
				GCC_WARN_UNUSED_FUNCTION = YES;
				GCC_WARN_UNUSED_VARIABLE = YES;
				IPHONEOS_DEPLOYMENT_TARGET = 26.2;
				LOCALIZATION_PREFERS_STRING_CATALOGS = YES;
				MTL_ENABLE_DEBUG_INFO = NO;
				MTL_FAST_MATH = YES;
				SDKROOT = iphoneos;
				SWIFT_COMPILATION_MODE = wholemodule;
				VALIDATE_PRODUCT = YES;
			};
			name = Release;
		};
/* End XCBuildConfiguration section */

/* Begin XCConfigurationList section */
		748A76A82F2A870A0000E117 /* Build configuration list for PBXProject "74SynthWeaver" */ = {
			isa = XCConfigurationList;
			buildConfigurations = (
				748A76C32F2A870B0000E117 /* Debug */,
				748A76C42F2A870B0000E117 /* Release */,
			);
			defaultConfigurationIsVisible = 0;
			defaultConfigurationName = Release;
		};
		748A76C02F2A870B0000E117 /* Build configuration list for PBXNativeTarget "74SynthWeaver" */ = {
			isa = XCConfigurationList;
			buildConfigurations = (
				748A76C12F2A870B0000E117 /* Debug */,
				748A76C22F2A870B0000E117 /* Release */,
			);
			defaultConfigurationIsVisible = 0;
			defaultConfigurationName = Release;
		};
/* End XCConfigurationList section */
	};
	rootObject = 748A76A52F2A870A0000E117 /* Project object */;
}
